# THIS IS AN AUTOGENERATED FILE. DO NOT EDIT THIS FILE DIRECTLY.
# yarn lockfile v1


emitter-component@^1.1.1:
  version "1.1.1"
  resolved "https://registry.yarnpkg.com/emitter-component/-/emitter-component-1.1.1.tgz#065e2dbed6959bf470679edabeaf7981d1003ab6"
  integrity sha1-Bl4tvtaVm/RwZ57avq95gdEAOrY=

hammerjs@^2.0.6, hammerjs@^2.0.8:
  version "2.0.8"
  resolved "https://registry.yarnpkg.com/hammerjs/-/hammerjs-2.0.8.tgz#04ef77862cff2bb79d30f7692095930222bf60f1"
  integrity sha1-BO93hiz/K7edMPdpIJWTAiK/YPE=

keycharm@^0.2.0:
  version "0.2.0"
  resolved "https://registry.yarnpkg.com/keycharm/-/keycharm-0.2.0.tgz#fa6ea2e43b90a68028843d27f2075d35a8c3e6f9"
  integrity sha1-+m6i5DuQpoAohD0n8gddNajD5vk=

milligram@^1.3.0:
  version "1.3.0"
  resolved "https://registry.yarnpkg.com/milligram/-/milligram-1.3.0.tgz#a5d980ef8eaf79337c96a8d7c7e176764931042c"
  integrity sha1-pdmA746veTN8lqjXx+F2dkkxBCw=
  dependencies:
    normalize.css "~5.0.0"

moment@^2.18.1:
  version "2.29.2"
  resolved "https://registry.yarnpkg.com/moment/-/moment-2.29.2.tgz#00910c60b20843bcba52d37d58c628b47b1f20e4"
  integrity sha512-UgzG4rvxYpN15jgCmVJwac49h9ly9NurikMWGPdVxm8GZD6XjkKPxDTjQQ43gtGgnV3X0cAyWDdP2Wexoquifg==

normalize.css@~5.0.0:
  version "5.0.0"
  resolved "https://registry.yarnpkg.com/normalize.css/-/normalize.css-5.0.0.tgz#7cec875ce8178a5333c4de80b68ea9c18b9d7c37"
  integrity sha1-fOyHXOgXilMzxN6Ato6pwYudfDc=

propagating-hammerjs@^1.4.6:
  version "1.4.6"
  resolved "https://registry.yarnpkg.com/propagating-hammerjs/-/propagating-hammerjs-1.4.6.tgz#fed00e9b00767ffd42d14f5b531bc493eb672e37"
  integrity sha1-/tAOmwB2f/1C0U9bUxvEk+tnLjc=
  dependencies:
    hammerjs "^2.0.6"

vis@^4.21.0:
  version "4.21.0"
  resolved "https://registry.yarnpkg.com/vis/-/vis-4.21.0.tgz#dd71638bff7f6495d00bc9f40c253526133ded6b"
  integrity sha1-3XFji/9/ZJXQC8n0DCU1JhM97Ws=
  dependencies:
    emitter-component "^1.1.1"
    hammerjs "^2.0.8"
    keycharm "^0.2.0"
    moment "^2.18.1"
    propagating-hammerjs "^1.4.6"
